
Microsoft Visual Studio Solution File, Format Version 12.00
# Visual Studio Version 17
VisualStudioVersion = 17.7.34031.279
MinimumVisualStudioVersion = 10.0.40219.1
Project("{888888A0-9F3D-457C-B088-3A5042F75D52}") = "AE1", "AE1\AE1.pyproj", "{0DADDF13-6C14-4C88-A145-5B4A9B3E9D2C}"
EndProject
Global
	GlobalSection(SolutionConfigurationPlatforms) = preSolution
		Debug|Any CPU = Debug|Any CPU
		Release|Any CPU = Release|Any CPU
	EndGlobalSection
	GlobalSection(ProjectConfigurationPlatforms) = postSolution
		{0DADDF13-6C14-4C88-A145-5B4A9B3E9D2C}.Debug|Any CPU.ActiveCfg = Debug|Any CPU
		{0DADDF13-6C14-4C88-A145-5B4A9B3E9D2C}.Release|Any CPU.ActiveCfg = Release|Any CPU
	EndGlobalSection
	GlobalSection(SolutionProperties) = preSolution
		HideSolutionNode = FALSE
	EndGlobalSection
	GlobalSection(ExtensibilityGlobals) = postSolution
		SolutionGuid = {C8257C28-D443-4663-81CB-28C09B790F9F}
	EndGlobalSection
EndGlobal
